
Microsoft Visual Studio Solution File, Format Version 10.00
# Visual Studio 2008
Project("{2150E333-8FDC-42A3-9474-1A3956D46DE8}") = "engine", "engine", "{9E423098-8FC1-4AA3-9742-9E559F26D27A}"
EndProject
Project("{2150E333-8FDC-42A3-9474-1A3956D46DE8}") = "libs", "libs", "{FF159896-32A1-4F72-B711-6AC45A2EC77B}"
EndProject
Project("{FAE04EC0-301F-11D3-BF4B-00C04F79EFBC}") = "BSPUtils", "engine\libs\BSPUtils\BSPUtils.csproj", "{57CDEF6B-0A16-4ECA-A9F3-C525984389C7}"
EndProject
Project("{FAE04EC0-301F-11D3-BF4B-00C04F79EFBC}") = "UtilsTest", "engine\libs\UtilsTest\UtilsTest.csproj", "{C9FBC37A-8A53-47AE-956A-6B6FE4C6BF00}"
EndProject
Project("{FAE04EC0-301F-11D3-BF4B-00C04F79EFBC}") = "BinaryExtensions", "engine\libs\BinaryExtensions\BinaryExtensions.csproj", "{397C08AC-61FF-40FB-B151-9721E15A2008}"
EndProject
Project("{FAE04EC0-301F-11D3-BF4B-00C04F79EFBC}") = "client", "engine\client\client.csproj", "{099A65EC-3F2D-48D5-B21D-948982251B61}"
EndProject
Project("{FAE04EC0-301F-11D3-BF4B-00C04F79EFBC}") = "server", "engine\server\server.csproj", "{EC22B915-B510-48FB-AD6B-B82B162E3BB8}"
EndProject
Project("{2150E333-8FDC-42A3-9474-1A3956D46DE8}") = "mods", "mods", "{C5BFC96D-E589-411C-A576-6A7FA893E698}"
EndProject
Global
	GlobalSection(SolutionConfigurationPlatforms) = preSolution
		Debug|x86 = Debug|x86
		Release|x86 = Release|x86
	EndGlobalSection
	GlobalSection(ProjectConfigurationPlatforms) = postSolution
		{099A65EC-3F2D-48D5-B21D-948982251B61}.Debug|x86.ActiveCfg = Debug|x86
		{099A65EC-3F2D-48D5-B21D-948982251B61}.Debug|x86.Build.0 = Debug|x86
		{099A65EC-3F2D-48D5-B21D-948982251B61}.Release|x86.ActiveCfg = Release|x86
		{099A65EC-3F2D-48D5-B21D-948982251B61}.Release|x86.Build.0 = Release|x86
		{397C08AC-61FF-40FB-B151-9721E15A2008}.Debug|x86.ActiveCfg = Debug|Any CPU
		{397C08AC-61FF-40FB-B151-9721E15A2008}.Debug|x86.Build.0 = Debug|Any CPU
		{397C08AC-61FF-40FB-B151-9721E15A2008}.Release|x86.ActiveCfg = Release|Any CPU
		{397C08AC-61FF-40FB-B151-9721E15A2008}.Release|x86.Build.0 = Release|Any CPU
		{57CDEF6B-0A16-4ECA-A9F3-C525984389C7}.Debug|x86.ActiveCfg = Debug|Any CPU
		{57CDEF6B-0A16-4ECA-A9F3-C525984389C7}.Debug|x86.Build.0 = Debug|Any CPU
		{57CDEF6B-0A16-4ECA-A9F3-C525984389C7}.Release|x86.ActiveCfg = Release|Any CPU
		{57CDEF6B-0A16-4ECA-A9F3-C525984389C7}.Release|x86.Build.0 = Release|Any CPU
		{C9FBC37A-8A53-47AE-956A-6B6FE4C6BF00}.Debug|x86.ActiveCfg = Debug|x86
		{C9FBC37A-8A53-47AE-956A-6B6FE4C6BF00}.Debug|x86.Build.0 = Debug|x86
		{C9FBC37A-8A53-47AE-956A-6B6FE4C6BF00}.Release|x86.ActiveCfg = Release|x86
		{C9FBC37A-8A53-47AE-956A-6B6FE4C6BF00}.Release|x86.Build.0 = Release|x86
		{EC22B915-B510-48FB-AD6B-B82B162E3BB8}.Debug|x86.ActiveCfg = Debug|x86
		{EC22B915-B510-48FB-AD6B-B82B162E3BB8}.Debug|x86.Build.0 = Debug|x86
		{EC22B915-B510-48FB-AD6B-B82B162E3BB8}.Release|x86.ActiveCfg = Release|x86
		{EC22B915-B510-48FB-AD6B-B82B162E3BB8}.Release|x86.Build.0 = Release|x86
	EndGlobalSection
	GlobalSection(NestedProjects) = preSolution
		{FF159896-32A1-4F72-B711-6AC45A2EC77B} = {9E423098-8FC1-4AA3-9742-9E559F26D27A}
		{099A65EC-3F2D-48D5-B21D-948982251B61} = {9E423098-8FC1-4AA3-9742-9E559F26D27A}
		{EC22B915-B510-48FB-AD6B-B82B162E3BB8} = {9E423098-8FC1-4AA3-9742-9E559F26D27A}
		{57CDEF6B-0A16-4ECA-A9F3-C525984389C7} = {FF159896-32A1-4F72-B711-6AC45A2EC77B}
		{C9FBC37A-8A53-47AE-956A-6B6FE4C6BF00} = {FF159896-32A1-4F72-B711-6AC45A2EC77B}
		{397C08AC-61FF-40FB-B151-9721E15A2008} = {FF159896-32A1-4F72-B711-6AC45A2EC77B}
	EndGlobalSection
	GlobalSection(MonoDevelopProperties) = preSolution
		StartupItem = engine\client\client.csproj
		Policies = $0
		$0.StandardHeader = $1
		$1.Text = @\n    This file is part of Iron.\n    Iron is an extensive game engine written in C# aiming to\n    utilize already exitent game content \n\n    Copyright (C) 2010  Andrius Bentkus\n    Copyright (C) 2010  Giedrius Graževičius\n\n    Iron is free software: you can redistribute it and/or modify\n    it under the terms of the GNU General Public License as published by\n    the Free Software Foundation, either version 3 of the License, or\n    (at your option) any later version.\n\n    Iron is distributed in the hope that it will be useful,\n    but WITHOUT ANY WARRANTY; without even the implied warranty of\n    MERCHANTABILITY or FITNESS FOR A PARTICULAR PURPOSE.  See the\n    GNU General Public License for more details.\n\n    You should have received a copy of the GNU General Public License\n    along with Iron.  If not, see <http://www.gnu.org/licenses/>.\n
		$1.inheritsSet = MITX11License
		$0.TextStylePolicy = $2
		$2.inheritsSet = null
		$2.scope = text/x-csharp
		$0.CSharpFormattingPolicy = $3
		$3.inheritsSet = Mono
		$3.inheritsScope = text/x-csharp
		$3.scope = text/x-csharp
	EndGlobalSection
EndGlobal
